
Microsoft Visual Studio Solution File, Format Version 12.00
# Visual Studio Version 17
VisualStudioVersion = 17.8.34322.80
MinimumVisualStudioVersion = 10.0.40219.1
Project("{FAE04EC0-301F-11D3-BF4B-00C04F79EFBC}") = "ufc", "ufc\ufc.csproj", "{9971C18D-6BB5-4186-924E-809520A0E46F}"
EndProject
Global
	GlobalSection(SolutionConfigurationPlatforms) = preSolution
		Debug|Any CPU = Debug|Any CPU
		Release|Any CPU = Release|Any CPU
	EndGlobalSection
	GlobalSection(ProjectConfigurationPlatforms) = postSolution
		{9971C18D-6BB5-4186-924E-809520A0E46F}.Debug|Any CPU.ActiveCfg = Debug|Any CPU
		{9971C18D-6BB5-4186-924E-809520A0E46F}.Debug|Any CPU.Build.0 = Debug|Any CPU
		{9971C18D-6BB5-4186-924E-809520A0E46F}.Release|Any CPU.ActiveCfg = Release|Any CPU
		{9971C18D-6BB5-4186-924E-809520A0E46F}.Release|Any CPU.Build.0 = Release|Any CPU
	EndGlobalSection
	GlobalSection(SolutionProperties) = preSolution
		HideSolutionNode = FALSE
	EndGlobalSection
	GlobalSection(ExtensibilityGlobals) = postSolution
		SolutionGuid = {23C5B03A-9456-4A54-AD23-9C84305811EF}
	EndGlobalSection
EndGlobal
